
Microsoft Visual Studio Solution File, Format Version 12.00
# Visual Studio 14
VisualStudioVersion = 14.0.25420.1
MinimumVisualStudioVersion = 10.0.40219.1
Project("{FAE04EC0-301F-11D3-BF4B-00C04F79EFBC}") = "FibbonacciProg", "FibbonacciProg.csproj", "{E5228A3F-9C15-4ADB-88B8-2D38F52B489A}"
EndProject
Project("{FAE04EC0-301F-11D3-BF4B-00C04F79EFBC}") = "PalindromeProg", "..\PalindromeProg\PalindromeProg.csproj", "{A296181F-02C0-4436-955E-17BB2F8F3F60}"
EndProject
Project("{FAE04EC0-301F-11D3-BF4B-00C04F79EFBC}") = "StarsProg", "StarsProg\StarsProg.csproj", "{6081078E-9944-47C6-BC9F-24ECAA1D69F8}"
EndProject
Global
	GlobalSection(SolutionConfigurationPlatforms) = preSolution
		Debug|Any CPU = Debug|Any CPU
		Release|Any CPU = Release|Any CPU
	EndGlobalSection
	GlobalSection(ProjectConfigurationPlatforms) = postSolution
		{E5228A3F-9C15-4ADB-88B8-2D38F52B489A}.Debug|Any CPU.ActiveCfg = Debug|Any CPU
		{E5228A3F-9C15-4ADB-88B8-2D38F52B489A}.Debug|Any CPU.Build.0 = Debug|Any CPU
		{E5228A3F-9C15-4ADB-88B8-2D38F52B489A}.Release|Any CPU.ActiveCfg = Release|Any CPU
		{E5228A3F-9C15-4ADB-88B8-2D38F52B489A}.Release|Any CPU.Build.0 = Release|Any CPU
		{A296181F-02C0-4436-955E-17BB2F8F3F60}.Debug|Any CPU.ActiveCfg = Debug|Any CPU
		{A296181F-02C0-4436-955E-17BB2F8F3F60}.Debug|Any CPU.Build.0 = Debug|Any CPU
		{A296181F-02C0-4436-955E-17BB2F8F3F60}.Release|Any CPU.ActiveCfg = Release|Any CPU
		{A296181F-02C0-4436-955E-17BB2F8F3F60}.Release|Any CPU.Build.0 = Release|Any CPU
		{6081078E-9944-47C6-BC9F-24ECAA1D69F8}.Debug|Any CPU.ActiveCfg = Debug|Any CPU
		{6081078E-9944-47C6-BC9F-24ECAA1D69F8}.Debug|Any CPU.Build.0 = Debug|Any CPU
		{6081078E-9944-47C6-BC9F-24ECAA1D69F8}.Release|Any CPU.ActiveCfg = Release|Any CPU
		{6081078E-9944-47C6-BC9F-24ECAA1D69F8}.Release|Any CPU.Build.0 = Release|Any CPU
	EndGlobalSection
	GlobalSection(SolutionProperties) = preSolution
		HideSolutionNode = FALSE
	EndGlobalSection
EndGlobal
